
Microsoft Visual Studio Solution File, Format Version 12.00
# Visual Studio 15
VisualStudioVersion = 15.0.26823.1
MinimumVisualStudioVersion = 10.0.40219.1
Project("{9A19103F-16F7-4668-BE54-9A1E7A4F7556}") = "Example.Dapper.Handlers", "Example.Dapper.Handlers\Example.Dapper.Handlers.csproj", "{317AA768-F6F1-407F-A76E-BEBD54D9B9C6}"
EndProject
Project("{9A19103F-16F7-4668-BE54-9A1E7A4F7556}") = "Example.Dapper.Handlers.Test", "Example.Dapper.Handlers.Test\Example.Dapper.Handlers.Test.csproj", "{A192DC8E-C9D4-4A2B-9D26-18EE0796BDE7}"
EndProject
Global
	GlobalSection(SolutionConfigurationPlatforms) = preSolution
		Debug|Any CPU = Debug|Any CPU
		Release|Any CPU = Release|Any CPU
	EndGlobalSection
	GlobalSection(ProjectConfigurationPlatforms) = postSolution
		{317AA768-F6F1-407F-A76E-BEBD54D9B9C6}.Debug|Any CPU.ActiveCfg = Debug|Any CPU
		{317AA768-F6F1-407F-A76E-BEBD54D9B9C6}.Debug|Any CPU.Build.0 = Debug|Any CPU
		{317AA768-F6F1-407F-A76E-BEBD54D9B9C6}.Release|Any CPU.ActiveCfg = Release|Any CPU
		{317AA768-F6F1-407F-A76E-BEBD54D9B9C6}.Release|Any CPU.Build.0 = Release|Any CPU
		{A192DC8E-C9D4-4A2B-9D26-18EE0796BDE7}.Debug|Any CPU.ActiveCfg = Debug|Any CPU
		{A192DC8E-C9D4-4A2B-9D26-18EE0796BDE7}.Debug|Any CPU.Build.0 = Debug|Any CPU
		{A192DC8E-C9D4-4A2B-9D26-18EE0796BDE7}.Release|Any CPU.ActiveCfg = Release|Any CPU
		{A192DC8E-C9D4-4A2B-9D26-18EE0796BDE7}.Release|Any CPU.Build.0 = Release|Any CPU
	EndGlobalSection
	GlobalSection(SolutionProperties) = preSolution
		HideSolutionNode = FALSE
	EndGlobalSection
	GlobalSection(ExtensibilityGlobals) = postSolution
		SolutionGuid = {39D62FF2-12F9-4B1A-9B1C-D327B0716D31}
	EndGlobalSection
EndGlobal
